
Microsoft Visual Studio Solution File, Format Version 12.00
# Visual Studio Version 17
VisualStudioVersion = 17.11.35312.102
MinimumVisualStudioVersion = 10.0.40219.1
Project("{9A19103F-16F7-4668-BE54-9A1E7A4F7556}") = "lib_entidades", "lib_entidades\lib_entidades.csproj", "{96445AB1-6315-4EDB-A41C-1FA2ED82B54E}"
EndProject
Project("{9A19103F-16F7-4668-BE54-9A1E7A4F7556}") = "lid_repositorios", "lid_repositorios\lid_repositorios.csproj", "{F27A709A-3CCB-45D4-8CD9-03D979BA0388}"
EndProject
Project("{9A19103F-16F7-4668-BE54-9A1E7A4F7556}") = "mts_pruebas", "mts_pruebas\mts_pruebas.csproj", "{AADA1AD7-82A2-4729-9FD7-0094BE5D2B84}"
EndProject
Project("{2150E333-8FDC-42A3-9474-1A3956D46DE8}") = "3 Comunes", "3 Comunes", "{398B88BE-4528-4ABD-A685-5928EEAD7BCA}"
EndProject
Project("{9A19103F-16F7-4668-BE54-9A1E7A4F7556}") = "lib_utilidades", "lib_utilidades\lib_utilidades.csproj", "{E1EDCE99-6AD5-44B6-B232-FE9FB57B0463}"
EndProject
Project("{2150E333-8FDC-42A3-9474-1A3956D46DE8}") = "4 Pruebas Unitarias", "4 Pruebas Unitarias", "{FD486000-90AC-498D-B135-C28467F96755}"
EndProject
Project("{2150E333-8FDC-42A3-9474-1A3956D46DE8}") = "2 Servicios", "2 Servicios", "{5887A4E8-279D-44E6-A64C-50C26242713E}"
EndProject
Project("{9A19103F-16F7-4668-BE54-9A1E7A4F7556}") = "asp_servicios", "asp_servicios\asp_servicios.csproj", "{1DE9D003-DC17-45A7-8D75-FA5C19F78BD1}"
	ProjectSection(ProjectDependencies) = postProject
		{1F30EBAF-2884-4919-8FFC-FC4954485B03} = {1F30EBAF-2884-4919-8FFC-FC4954485B03}
		{3FDF506A-BAF0-4198-A660-0D744BD67E75} = {3FDF506A-BAF0-4198-A660-0D744BD67E75}
		{F823E5BF-8C20-4CB9-BF29-29F26060EFE7} = {F823E5BF-8C20-4CB9-BF29-29F26060EFE7}
	EndProjectSection
EndProject
Project("{9A19103F-16F7-4668-BE54-9A1E7A4F7556}") = "lib_aplicaciones", "lib_aplicaciones\lib_aplicaciones.csproj", "{3FDF506A-BAF0-4198-A660-0D744BD67E75}"
	ProjectSection(ProjectDependencies) = postProject
		{E1EDCE99-6AD5-44B6-B232-FE9FB57B0463} = {E1EDCE99-6AD5-44B6-B232-FE9FB57B0463}
	EndProjectSection
EndProject
Project("{2150E333-8FDC-42A3-9474-1A3956D46DE8}") = "1 Presentacion", "1 Presentacion", "{787EA141-79F8-4FD4-B8DF-AB85747AAFAA}"
EndProject
Project("{9A19103F-16F7-4668-BE54-9A1E7A4F7556}") = "lib_comunicaciones", "lib_comunicaciones\lib_comunicaciones.csproj", "{1F30EBAF-2884-4919-8FFC-FC4954485B03}"
EndProject
Project("{9A19103F-16F7-4668-BE54-9A1E7A4F7556}") = "lib_presentaciones", "lib_presentaciones\lib_presentaciones.csproj", "{F823E5BF-8C20-4CB9-BF29-29F26060EFE7}"
EndProject
Project("{9A19103F-16F7-4668-BE54-9A1E7A4F7556}") = "asp_presentacion", "asp_presentacion\asp_presentacion.csproj", "{92033BDC-079E-497D-AADF-13B18CBABE0D}"
EndProject
Global
	GlobalSection(SolutionConfigurationPlatforms) = preSolution
		Debug|Any CPU = Debug|Any CPU
		Release|Any CPU = Release|Any CPU
	EndGlobalSection
	GlobalSection(ProjectConfigurationPlatforms) = postSolution
		{96445AB1-6315-4EDB-A41C-1FA2ED82B54E}.Debug|Any CPU.ActiveCfg = Debug|Any CPU
		{96445AB1-6315-4EDB-A41C-1FA2ED82B54E}.Debug|Any CPU.Build.0 = Debug|Any CPU
		{96445AB1-6315-4EDB-A41C-1FA2ED82B54E}.Release|Any CPU.ActiveCfg = Release|Any CPU
		{96445AB1-6315-4EDB-A41C-1FA2ED82B54E}.Release|Any CPU.Build.0 = Release|Any CPU
		{F27A709A-3CCB-45D4-8CD9-03D979BA0388}.Debug|Any CPU.ActiveCfg = Debug|Any CPU
		{F27A709A-3CCB-45D4-8CD9-03D979BA0388}.Debug|Any CPU.Build.0 = Debug|Any CPU
		{F27A709A-3CCB-45D4-8CD9-03D979BA0388}.Release|Any CPU.ActiveCfg = Release|Any CPU
		{F27A709A-3CCB-45D4-8CD9-03D979BA0388}.Release|Any CPU.Build.0 = Release|Any CPU
		{AADA1AD7-82A2-4729-9FD7-0094BE5D2B84}.Debug|Any CPU.ActiveCfg = Debug|Any CPU
		{AADA1AD7-82A2-4729-9FD7-0094BE5D2B84}.Debug|Any CPU.Build.0 = Debug|Any CPU
		{AADA1AD7-82A2-4729-9FD7-0094BE5D2B84}.Release|Any CPU.ActiveCfg = Release|Any CPU
		{AADA1AD7-82A2-4729-9FD7-0094BE5D2B84}.Release|Any CPU.Build.0 = Release|Any CPU
		{E1EDCE99-6AD5-44B6-B232-FE9FB57B0463}.Debug|Any CPU.ActiveCfg = Debug|Any CPU
		{E1EDCE99-6AD5-44B6-B232-FE9FB57B0463}.Debug|Any CPU.Build.0 = Debug|Any CPU
		{E1EDCE99-6AD5-44B6-B232-FE9FB57B0463}.Release|Any CPU.ActiveCfg = Release|Any CPU
		{E1EDCE99-6AD5-44B6-B232-FE9FB57B0463}.Release|Any CPU.Build.0 = Release|Any CPU
		{1DE9D003-DC17-45A7-8D75-FA5C19F78BD1}.Debug|Any CPU.ActiveCfg = Debug|Any CPU
		{1DE9D003-DC17-45A7-8D75-FA5C19F78BD1}.Debug|Any CPU.Build.0 = Debug|Any CPU
		{1DE9D003-DC17-45A7-8D75-FA5C19F78BD1}.Release|Any CPU.ActiveCfg = Release|Any CPU
		{1DE9D003-DC17-45A7-8D75-FA5C19F78BD1}.Release|Any CPU.Build.0 = Release|Any CPU
		{3FDF506A-BAF0-4198-A660-0D744BD67E75}.Debug|Any CPU.ActiveCfg = Debug|Any CPU
		{3FDF506A-BAF0-4198-A660-0D744BD67E75}.Debug|Any CPU.Build.0 = Debug|Any CPU
		{3FDF506A-BAF0-4198-A660-0D744BD67E75}.Release|Any CPU.ActiveCfg = Release|Any CPU
		{3FDF506A-BAF0-4198-A660-0D744BD67E75}.Release|Any CPU.Build.0 = Release|Any CPU
		{1F30EBAF-2884-4919-8FFC-FC4954485B03}.Debug|Any CPU.ActiveCfg = Debug|Any CPU
		{1F30EBAF-2884-4919-8FFC-FC4954485B03}.Debug|Any CPU.Build.0 = Debug|Any CPU
		{1F30EBAF-2884-4919-8FFC-FC4954485B03}.Release|Any CPU.ActiveCfg = Release|Any CPU
		{1F30EBAF-2884-4919-8FFC-FC4954485B03}.Release|Any CPU.Build.0 = Release|Any CPU
		{F823E5BF-8C20-4CB9-BF29-29F26060EFE7}.Debug|Any CPU.ActiveCfg = Debug|Any CPU
		{F823E5BF-8C20-4CB9-BF29-29F26060EFE7}.Debug|Any CPU.Build.0 = Debug|Any CPU
		{F823E5BF-8C20-4CB9-BF29-29F26060EFE7}.Release|Any CPU.ActiveCfg = Release|Any CPU
		{F823E5BF-8C20-4CB9-BF29-29F26060EFE7}.Release|Any CPU.Build.0 = Release|Any CPU
		{92033BDC-079E-497D-AADF-13B18CBABE0D}.Debug|Any CPU.ActiveCfg = Debug|Any CPU
		{92033BDC-079E-497D-AADF-13B18CBABE0D}.Debug|Any CPU.Build.0 = Debug|Any CPU
		{92033BDC-079E-497D-AADF-13B18CBABE0D}.Release|Any CPU.ActiveCfg = Release|Any CPU
		{92033BDC-079E-497D-AADF-13B18CBABE0D}.Release|Any CPU.Build.0 = Release|Any CPU
	EndGlobalSection
	GlobalSection(SolutionProperties) = preSolution
		HideSolutionNode = FALSE
	EndGlobalSection
	GlobalSection(NestedProjects) = preSolution
		{96445AB1-6315-4EDB-A41C-1FA2ED82B54E} = {398B88BE-4528-4ABD-A685-5928EEAD7BCA}
		{F27A709A-3CCB-45D4-8CD9-03D979BA0388} = {5887A4E8-279D-44E6-A64C-50C26242713E}
		{AADA1AD7-82A2-4729-9FD7-0094BE5D2B84} = {FD486000-90AC-498D-B135-C28467F96755}
		{E1EDCE99-6AD5-44B6-B232-FE9FB57B0463} = {398B88BE-4528-4ABD-A685-5928EEAD7BCA}
		{1DE9D003-DC17-45A7-8D75-FA5C19F78BD1} = {5887A4E8-279D-44E6-A64C-50C26242713E}
		{3FDF506A-BAF0-4198-A660-0D744BD67E75} = {5887A4E8-279D-44E6-A64C-50C26242713E}
		{1F30EBAF-2884-4919-8FFC-FC4954485B03} = {787EA141-79F8-4FD4-B8DF-AB85747AAFAA}
		{F823E5BF-8C20-4CB9-BF29-29F26060EFE7} = {787EA141-79F8-4FD4-B8DF-AB85747AAFAA}
		{92033BDC-079E-497D-AADF-13B18CBABE0D} = {787EA141-79F8-4FD4-B8DF-AB85747AAFAA}
	EndGlobalSection
	GlobalSection(ExtensibilityGlobals) = postSolution
		SolutionGuid = {E1D88801-1DCA-4F5C-A505-69AC21495981}
	EndGlobalSection
EndGlobal
